
Microsoft Visual Studio Solution File, Format Version 12.00
# Visual Studio 2015
Project("{FAE04EC0-301F-11D3-BF4B-00C04F79EFBC}") = "FirstPersonGame.CSharp", "FirstPersonGame.CSharp.csproj", "{45F32AC0-5B2D-E1B5-302E-E0953D009135}"
EndProject
Project("{FAE04EC0-301F-11D3-BF4B-00C04F79EFBC}") = "FirstPersonGame.CSharp.Editor", "FirstPersonGame.CSharp.Editor.csproj", "{083FE4AC-F1FB-1927-01B4-53114A80B7C2}"
EndProject
Global
	GlobalSection(SolutionConfigurationPlatforms) = preSolution
		Debug|Any CPU = Debug|Any CPU
		Release|Any CPU = Release|Any CPU
	EndGlobalSection
	GlobalSection(ProjectConfigurationPlatforms) = postSolution
		{45F32AC0-5B2D-E1B5-302E-E0953D009135}.Debug|Any CPU.ActiveCfg = Debug|Any CPU
		{45F32AC0-5B2D-E1B5-302E-E0953D009135}.Debug|Any CPU.Build.0 = Debug|Any CPU
		{45F32AC0-5B2D-E1B5-302E-E0953D009135}.Release|Any CPU.ActiveCfg = Release|Any CPU
		{45F32AC0-5B2D-E1B5-302E-E0953D009135}.Release|Any CPU.Build.0 = Release|Any CPU
		{083FE4AC-F1FB-1927-01B4-53114A80B7C2}.Debug|Any CPU.ActiveCfg = Debug|Any CPU
		{083FE4AC-F1FB-1927-01B4-53114A80B7C2}.Debug|Any CPU.Build.0 = Debug|Any CPU
		{083FE4AC-F1FB-1927-01B4-53114A80B7C2}.Release|Any CPU.ActiveCfg = Release|Any CPU
		{083FE4AC-F1FB-1927-01B4-53114A80B7C2}.Release|Any CPU.Build.0 = Release|Any CPU
	EndGlobalSection
	GlobalSection(SolutionProperties) = preSolution
		HideSolutionNode = FALSE
	EndGlobalSection
EndGlobal
